{
  "name": "hibernatetest",
  "version": "1.0.0",
  "lockfileVersion": 2,
  "requires": true,
  "packages": {
    "": {
      "name": "hibernatetest",
      "version": "1.0.0",
      "license": "ISC",
      "dependencies": {
        "@types/node": "^14.11.10",
        "dotenv": "^8.2.0",
        "hibernatets": "file:../dist",
        "ts-node": "^8.9.0",
        "tslib": "1.11.1",
        "typescript": "^4.6.2"
      }
    },
    "../dist": {
      "name": "hibernatets",
      "version": "1.0.75",
      "license": "ISC",
      "dependencies": {
        "@types/node": "^14.11.10",
        "dotenv": "^8.2.0",
        "mariadb": "^2.3.1",
        "tslib": "1.11.1",
        "typescript": ""
      },
      "devDependencies": {
        "@types/jasmine": "^3.5.10",
        "jasmine": "^3.5.0",
        "ts-node": "^8.9.0",
        "tslib": "1.11.1",
        "tslint": ""
      }
    },
    "../dist/node_modules/@types/geojson": {
      "version": "7946.0.7",
      "resolved": "https://registry.npmjs.org/@types/geojson/-/geojson-7946.0.7.tgz",
      "integrity": "sha512-wE2v81i4C4Ol09RtsWFAqg3BUitWbHSpSlIo+bNdsCJijO9sjme+zm+73ZMCa/qMC8UEERxzGbvmr1cffo2SiQ=="
    },
    "../dist/node_modules/@types/node": {
      "version": "14.11.10",
      "resolved": "https://registry.npmjs.org/@types/node/-/node-14.11.10.tgz",
      "integrity": "sha512-yV1nWZPlMFpoXyoknm4S56y2nlTAuFYaJuQtYRAOU7xA/FJ9RY0Xm7QOkaYMMmr8ESdHIuUb6oQgR/0+2NqlyA=="
    },
    "../dist/node_modules/denque": {
      "version": "1.4.1",
      "resolved": "https://registry.npmjs.org/denque/-/denque-1.4.1.tgz",
      "integrity": "sha512-OfzPuSZKGcgr96rf1oODnfjqBFmr1DVoc/TrItj3Ohe0Ah1C5WX5Baquw/9U9KovnQ88EqmJbD66rKYUQYN1tQ==",
      "engines": {
        "node": ">=0.10"
      }
    },
    "../dist/node_modules/dotenv": {
      "version": "8.2.0",
      "resolved": "https://registry.npmjs.org/dotenv/-/dotenv-8.2.0.tgz",
      "integrity": "sha512-8sJ78ElpbDJBHNeBzUbUVLsqKdccaa/BXF1uPTw3GrvQTBgrQrtObr2mUrE38vzYd8cEv+m/JBfDLioYcfXoaw==",
      "engines": {
        "node": ">=8"
      }
    },
    "../dist/node_modules/iconv-lite": {
      "version": "0.6.2",
      "resolved": "https://registry.npmjs.org/iconv-lite/-/iconv-lite-0.6.2.tgz",
      "integrity": "sha512-2y91h5OpQlolefMPmUlivelittSWy0rP+oYVpn6A7GwVHNE8AWzoYOBNmlwks3LobaJxgHCYZAnyNo2GgpNRNQ==",
      "dependencies": {
        "safer-buffer": ">= 2.1.2 < 3.0.0"
      },
      "engines": {
        "node": ">=0.10.0"
      }
    },
    "../dist/node_modules/long": {
      "version": "4.0.0",
      "resolved": "https://registry.npmjs.org/long/-/long-4.0.0.tgz",
      "integrity": "sha512-XsP+KhQif4bjX1kbuSiySJFNAehNxgLb6hPRGJ9QsUr8ajHkuXGdrHmFUTUUXhDwVX2R5bY4JNZEwbUiMhV+MA=="
    },
    "../dist/node_modules/mariadb": {
      "version": "2.5.0",
      "resolved": "https://registry.npmjs.org/mariadb/-/mariadb-2.5.0.tgz",
      "integrity": "sha512-hrCv/xy12LYzGe6BzcK7awP1SN1bdMf7IBCHwmcMhpY7f6yyv/578sE7+fHbV7YiTxDcNGkgtXNI8tGuM9HCIQ==",
      "dependencies": {
        "@types/geojson": "^7946.0.7",
        "@types/node": "^14.11.2",
        "denque": "^1.4.1",
        "iconv-lite": "^0.6.2",
        "long": "^4.0.0",
        "moment-timezone": "^0.5.31",
        "please-upgrade-node": "^3.2.0"
      },
      "engines": {
        "node": ">= 10.13"
      }
    },
    "../dist/node_modules/moment": {
      "version": "2.29.1",
      "resolved": "https://registry.npmjs.org/moment/-/moment-2.29.1.tgz",
      "integrity": "sha512-kHmoybcPV8Sqy59DwNDY3Jefr64lK/by/da0ViFcuA4DH0vQg5Q6Ze5VimxkfQNSC+Mls/Kx53s7TjP1RhFEDQ==",
      "engines": {
        "node": "*"
      }
    },
    "../dist/node_modules/moment-timezone": {
      "version": "0.5.31",
      "resolved": "https://registry.npmjs.org/moment-timezone/-/moment-timezone-0.5.31.tgz",
      "integrity": "sha512-+GgHNg8xRhMXfEbv81iDtrVeTcWt0kWmTEY1XQK14dICTXnWJnT0dxdlPspwqF3keKMVPXwayEsk1DI0AA/jdA==",
      "dependencies": {
        "moment": ">= 2.9.0"
      },
      "engines": {
        "node": "*"
      }
    },
    "../dist/node_modules/please-upgrade-node": {
      "version": "3.2.0",
      "resolved": "https://registry.npmjs.org/please-upgrade-node/-/please-upgrade-node-3.2.0.tgz",
      "integrity": "sha512-gQR3WpIgNIKwBMVLkpMUeR3e1/E1y42bqDQZfql+kDeXd8COYfM8PQA4X6y7a8u9Ua9FHmsrrmirW2vHs45hWg==",
      "dependencies": {
        "semver-compare": "^1.0.0"
      }
    },
    "../dist/node_modules/safer-buffer": {
      "version": "2.1.2",
      "resolved": "https://registry.npmjs.org/safer-buffer/-/safer-buffer-2.1.2.tgz",
      "integrity": "sha512-YZo3K82SD7Riyi0E1EQPojLz7kpepnSQI9IyPbHHg1XXXevb5dJI7tpyN2ADxGcQbHG7vcyRHk0cbwqcQriUtg=="
    },
    "../dist/node_modules/semver-compare": {
      "version": "1.0.0",
      "resolved": "https://registry.npmjs.org/semver-compare/-/semver-compare-1.0.0.tgz",
      "integrity": "sha1-De4hahyUGrN+nvsXiPavxf9VN/w="
    },
    "../dist/node_modules/tslib": {
      "version": "1.11.1",
      "resolved": "https://registry.npmjs.org/tslib/-/tslib-1.11.1.tgz",
      "integrity": "sha512-aZW88SY8kQbU7gpV19lN24LtXh/yD4ZZg6qieAJDDg+YBsJcSmLGK9QpnUjAKVG/xefmvJGd1WUmfpT/g6AJGA==",
      "dev": true
    },
    "../dist/node_modules/typescript": {
      "version": "4.0.3",
      "resolved": "https://registry.npmjs.org/typescript/-/typescript-4.0.3.tgz",
      "integrity": "sha512-tEu6DGxGgRJPb/mVPIZ48e69xCn2yRmCgYmDugAVwmJ6o+0u1RI18eO7E7WBTLYLaEVVOhwQmcdhQHweux/WPg==",
      "bin": {
        "tsc": "bin/tsc",
        "tsserver": "bin/tsserver"
      },
      "engines": {
        "node": ">=4.2.0"
      }
    },
    "node_modules/@types/node": {
      "version": "14.11.10",
      "resolved": "https://registry.npmjs.org/@types/node/-/node-14.11.10.tgz",
      "integrity": "sha512-yV1nWZPlMFpoXyoknm4S56y2nlTAuFYaJuQtYRAOU7xA/FJ9RY0Xm7QOkaYMMmr8ESdHIuUb6oQgR/0+2NqlyA=="
    },
    "node_modules/arg": {
      "version": "4.1.3",
      "resolved": "https://registry.npmjs.org/arg/-/arg-4.1.3.tgz",
      "integrity": "sha512-58S9QDqG0Xx27YwPSt9fJxivjYl432YCwfDMfZ+71RAqUrZef7LrKQZ3LHLOwCS4FLNBplP533Zx895SeOCHvA=="
    },
    "node_modules/buffer-from": {
      "version": "1.1.1",
      "resolved": "https://registry.npmjs.org/buffer-from/-/buffer-from-1.1.1.tgz",
      "integrity": "sha512-MQcXEUbCKtEo7bhqEs6560Hyd4XaovZlO/k9V3hjVUF/zwW7KBVdSK4gIt/bzwS9MbR5qob+F5jusZsb0YQK2A=="
    },
    "node_modules/diff": {
      "version": "4.0.2",
      "resolved": "https://registry.npmjs.org/diff/-/diff-4.0.2.tgz",
      "integrity": "sha512-58lmxKSA4BNyLz+HHMUzlOEpg09FV+ev6ZMe3vJihgdxzgcwZ8VoEEPmALCZG9LmqfVoNMMKpttIYTVG6uDY7A==",
      "engines": {
        "node": ">=0.3.1"
      }
    },
    "node_modules/dotenv": {
      "version": "8.2.0",
      "resolved": "https://registry.npmjs.org/dotenv/-/dotenv-8.2.0.tgz",
      "integrity": "sha512-8sJ78ElpbDJBHNeBzUbUVLsqKdccaa/BXF1uPTw3GrvQTBgrQrtObr2mUrE38vzYd8cEv+m/JBfDLioYcfXoaw==",
      "engines": {
        "node": ">=8"
      }
    },
    "node_modules/hibernatets": {
      "resolved": "../dist",
      "link": true
    },
    "node_modules/make-error": {
      "version": "1.3.6",
      "resolved": "https://registry.npmjs.org/make-error/-/make-error-1.3.6.tgz",
      "integrity": "sha512-s8UhlNe7vPKomQhC1qFelMokr/Sc3AgNbso3n74mVPA5LTZwkB9NlXf4XPamLxJE8h0gh73rM94xvwRT2CVInw=="
    },
    "node_modules/source-map": {
      "version": "0.6.1",
      "resolved": "https://registry.npmjs.org/source-map/-/source-map-0.6.1.tgz",
      "integrity": "sha512-UjgapumWlbMhkBgzT7Ykc5YXUT46F0iKu8SGXq0bcwP5dz/h0Plj6enJqjz1Zbq2l5WaqYnrVbwWOWMyF3F47g==",
      "engines": {
        "node": ">=0.10.0"
      }
    },
    "node_modules/source-map-support": {
      "version": "0.5.19",
      "resolved": "https://registry.npmjs.org/source-map-support/-/source-map-support-0.5.19.tgz",
      "integrity": "sha512-Wonm7zOCIJzBGQdB+thsPar0kYuCIzYvxZwlBa87yi/Mdjv7Tip2cyVbLj5o0cFPN4EVkuTwb3GDDyUx2DGnGw==",
      "dependencies": {
        "buffer-from": "^1.0.0",
        "source-map": "^0.6.0"
      }
    },
    "node_modules/ts-node": {
      "version": "8.10.1",
      "resolved": "https://registry.npmjs.org/ts-node/-/ts-node-8.10.1.tgz",
      "integrity": "sha512-bdNz1L4ekHiJul6SHtZWs1ujEKERJnHs4HxN7rjTyyVOFf3HaJ6sLqe6aPG62XTzAB/63pKRh5jTSWL0D7bsvw==",
      "dependencies": {
        "arg": "^4.1.0",
        "diff": "^4.0.1",
        "make-error": "^1.1.1",
        "source-map-support": "^0.5.17",
        "yn": "3.1.1"
      },
      "bin": {
        "ts-node": "dist/bin.js",
        "ts-node-script": "dist/bin-script.js",
        "ts-node-transpile-only": "dist/bin-transpile.js",
        "ts-script": "dist/bin-script-deprecated.js"
      },
      "engines": {
        "node": ">=6.0.0"
      },
      "peerDependencies": {
        "typescript": ">=2.7"
      }
    },
    "node_modules/tslib": {
      "version": "1.11.1",
      "resolved": "https://registry.npmjs.org/tslib/-/tslib-1.11.1.tgz",
      "integrity": "sha512-aZW88SY8kQbU7gpV19lN24LtXh/yD4ZZg6qieAJDDg+YBsJcSmLGK9QpnUjAKVG/xefmvJGd1WUmfpT/g6AJGA=="
    },
    "node_modules/typescript": {
      "version": "4.6.2",
      "resolved": "https://registry.npmjs.org/typescript/-/typescript-4.6.2.tgz",
      "integrity": "sha512-HM/hFigTBHZhLXshn9sN37H085+hQGeJHJ/X7LpBWLID/fbc2acUMfU+lGD98X81sKP+pFa9f0DZmCwB9GnbAg==",
      "bin": {
        "tsc": "bin/tsc",
        "tsserver": "bin/tsserver"
      },
      "engines": {
        "node": ">=4.2.0"
      }
    },
    "node_modules/yn": {
      "version": "3.1.1",
      "resolved": "https://registry.npmjs.org/yn/-/yn-3.1.1.tgz",
      "integrity": "sha512-Ux4ygGWsu2c7isFWe8Yu1YluJmqVhxqK2cLXNQA5AcC3QfbGNpM7fu0Y8b/z16pXLnFxZYvWhd3fhBY9DLmC6Q==",
      "engines": {
        "node": ">=6"
      }
    }
  },
  "dependencies": {
    "@types/node": {
      "version": "14.11.10",
      "resolved": "https://registry.npmjs.org/@types/node/-/node-14.11.10.tgz",
      "integrity": "sha512-yV1nWZPlMFpoXyoknm4S56y2nlTAuFYaJuQtYRAOU7xA/FJ9RY0Xm7QOkaYMMmr8ESdHIuUb6oQgR/0+2NqlyA=="
    },
    "arg": {
      "version": "4.1.3",
      "resolved": "https://registry.npmjs.org/arg/-/arg-4.1.3.tgz",
      "integrity": "sha512-58S9QDqG0Xx27YwPSt9fJxivjYl432YCwfDMfZ+71RAqUrZef7LrKQZ3LHLOwCS4FLNBplP533Zx895SeOCHvA=="
    },
    "buffer-from": {
      "version": "1.1.1",
      "resolved": "https://registry.npmjs.org/buffer-from/-/buffer-from-1.1.1.tgz",
      "integrity": "sha512-MQcXEUbCKtEo7bhqEs6560Hyd4XaovZlO/k9V3hjVUF/zwW7KBVdSK4gIt/bzwS9MbR5qob+F5jusZsb0YQK2A=="
    },
    "diff": {
      "version": "4.0.2",
      "resolved": "https://registry.npmjs.org/diff/-/diff-4.0.2.tgz",
      "integrity": "sha512-58lmxKSA4BNyLz+HHMUzlOEpg09FV+ev6ZMe3vJihgdxzgcwZ8VoEEPmALCZG9LmqfVoNMMKpttIYTVG6uDY7A=="
    },
    "dotenv": {
      "version": "8.2.0",
      "resolved": "https://registry.npmjs.org/dotenv/-/dotenv-8.2.0.tgz",
      "integrity": "sha512-8sJ78ElpbDJBHNeBzUbUVLsqKdccaa/BXF1uPTw3GrvQTBgrQrtObr2mUrE38vzYd8cEv+m/JBfDLioYcfXoaw=="
    },
    "hibernatets": {
      "version": "file:../dist",
      "requires": {
        "@types/jasmine": "^3.5.10",
        "@types/node": "^14.11.10",
        "dotenv": "^8.2.0",
        "jasmine": "^3.5.0",
        "mariadb": "^2.3.1",
        "ts-node": "^8.9.0",
        "tslib": "1.11.1",
        "tslint": "",
        "typescript": ""
      },
      "dependencies": {
        "@types/geojson": {
          "version": "7946.0.7",
          "resolved": "https://registry.npmjs.org/@types/geojson/-/geojson-7946.0.7.tgz",
          "integrity": "sha512-wE2v81i4C4Ol09RtsWFAqg3BUitWbHSpSlIo+bNdsCJijO9sjme+zm+73ZMCa/qMC8UEERxzGbvmr1cffo2SiQ=="
        },
        "@types/node": {
          "version": "14.11.10",
          "resolved": "https://registry.npmjs.org/@types/node/-/node-14.11.10.tgz",
          "integrity": "sha512-yV1nWZPlMFpoXyoknm4S56y2nlTAuFYaJuQtYRAOU7xA/FJ9RY0Xm7QOkaYMMmr8ESdHIuUb6oQgR/0+2NqlyA=="
        },
        "denque": {
          "version": "1.4.1",
          "resolved": "https://registry.npmjs.org/denque/-/denque-1.4.1.tgz",
          "integrity": "sha512-OfzPuSZKGcgr96rf1oODnfjqBFmr1DVoc/TrItj3Ohe0Ah1C5WX5Baquw/9U9KovnQ88EqmJbD66rKYUQYN1tQ=="
        },
        "dotenv": {
          "version": "8.2.0",
          "resolved": "https://registry.npmjs.org/dotenv/-/dotenv-8.2.0.tgz",
          "integrity": "sha512-8sJ78ElpbDJBHNeBzUbUVLsqKdccaa/BXF1uPTw3GrvQTBgrQrtObr2mUrE38vzYd8cEv+m/JBfDLioYcfXoaw=="
        },
        "iconv-lite": {
          "version": "0.6.2",
          "resolved": "https://registry.npmjs.org/iconv-lite/-/iconv-lite-0.6.2.tgz",
          "integrity": "sha512-2y91h5OpQlolefMPmUlivelittSWy0rP+oYVpn6A7GwVHNE8AWzoYOBNmlwks3LobaJxgHCYZAnyNo2GgpNRNQ==",
          "requires": {
            "safer-buffer": ">= 2.1.2 < 3.0.0"
          }
        },
        "long": {
          "version": "4.0.0",
          "resolved": "https://registry.npmjs.org/long/-/long-4.0.0.tgz",
          "integrity": "sha512-XsP+KhQif4bjX1kbuSiySJFNAehNxgLb6hPRGJ9QsUr8ajHkuXGdrHmFUTUUXhDwVX2R5bY4JNZEwbUiMhV+MA=="
        },
        "mariadb": {
          "version": "2.5.0",
          "resolved": "https://registry.npmjs.org/mariadb/-/mariadb-2.5.0.tgz",
          "integrity": "sha512-hrCv/xy12LYzGe6BzcK7awP1SN1bdMf7IBCHwmcMhpY7f6yyv/578sE7+fHbV7YiTxDcNGkgtXNI8tGuM9HCIQ==",
          "requires": {
            "@types/geojson": "^7946.0.7",
            "@types/node": "^14.11.2",
            "denque": "^1.4.1",
            "iconv-lite": "^0.6.2",
            "long": "^4.0.0",
            "moment-timezone": "^0.5.31",
            "please-upgrade-node": "^3.2.0"
          }
        },
        "moment": {
          "version": "2.29.1",
          "resolved": "https://registry.npmjs.org/moment/-/moment-2.29.1.tgz",
          "integrity": "sha512-kHmoybcPV8Sqy59DwNDY3Jefr64lK/by/da0ViFcuA4DH0vQg5Q6Ze5VimxkfQNSC+Mls/Kx53s7TjP1RhFEDQ=="
        },
        "moment-timezone": {
          "version": "0.5.31",
          "resolved": "https://registry.npmjs.org/moment-timezone/-/moment-timezone-0.5.31.tgz",
          "integrity": "sha512-+GgHNg8xRhMXfEbv81iDtrVeTcWt0kWmTEY1XQK14dICTXnWJnT0dxdlPspwqF3keKMVPXwayEsk1DI0AA/jdA==",
          "requires": {
            "moment": ">= 2.9.0"
          }
        },
        "please-upgrade-node": {
          "version": "3.2.0",
          "resolved": "https://registry.npmjs.org/please-upgrade-node/-/please-upgrade-node-3.2.0.tgz",
          "integrity": "sha512-gQR3WpIgNIKwBMVLkpMUeR3e1/E1y42bqDQZfql+kDeXd8COYfM8PQA4X6y7a8u9Ua9FHmsrrmirW2vHs45hWg==",
          "requires": {
            "semver-compare": "^1.0.0"
          }
        },
        "safer-buffer": {
          "version": "2.1.2",
          "resolved": "https://registry.npmjs.org/safer-buffer/-/safer-buffer-2.1.2.tgz",
          "integrity": "sha512-YZo3K82SD7Riyi0E1EQPojLz7kpepnSQI9IyPbHHg1XXXevb5dJI7tpyN2ADxGcQbHG7vcyRHk0cbwqcQriUtg=="
        },
        "semver-compare": {
          "version": "1.0.0",
          "resolved": "https://registry.npmjs.org/semver-compare/-/semver-compare-1.0.0.tgz",
          "integrity": "sha1-De4hahyUGrN+nvsXiPavxf9VN/w="
        },
        "tslib": {
          "version": "1.11.1",
          "resolved": "https://registry.npmjs.org/tslib/-/tslib-1.11.1.tgz",
          "integrity": "sha512-aZW88SY8kQbU7gpV19lN24LtXh/yD4ZZg6qieAJDDg+YBsJcSmLGK9QpnUjAKVG/xefmvJGd1WUmfpT/g6AJGA==",
          "dev": true
        },
        "typescript": {
          "version": "4.0.3",
          "resolved": "https://registry.npmjs.org/typescript/-/typescript-4.0.3.tgz",
          "integrity": "sha512-tEu6DGxGgRJPb/mVPIZ48e69xCn2yRmCgYmDugAVwmJ6o+0u1RI18eO7E7WBTLYLaEVVOhwQmcdhQHweux/WPg=="
        }
      }
    },
    "make-error": {
      "version": "1.3.6",
      "resolved": "https://registry.npmjs.org/make-error/-/make-error-1.3.6.tgz",
      "integrity": "sha512-s8UhlNe7vPKomQhC1qFelMokr/Sc3AgNbso3n74mVPA5LTZwkB9NlXf4XPamLxJE8h0gh73rM94xvwRT2CVInw=="
    },
    "source-map": {
      "version": "0.6.1",
      "resolved": "https://registry.npmjs.org/source-map/-/source-map-0.6.1.tgz",
      "integrity": "sha512-UjgapumWlbMhkBgzT7Ykc5YXUT46F0iKu8SGXq0bcwP5dz/h0Plj6enJqjz1Zbq2l5WaqYnrVbwWOWMyF3F47g=="
    },
    "source-map-support": {
      "version": "0.5.19",
      "resolved": "https://registry.npmjs.org/source-map-support/-/source-map-support-0.5.19.tgz",
      "integrity": "sha512-Wonm7zOCIJzBGQdB+thsPar0kYuCIzYvxZwlBa87yi/Mdjv7Tip2cyVbLj5o0cFPN4EVkuTwb3GDDyUx2DGnGw==",
      "requires": {
        "buffer-from": "^1.0.0",
        "source-map": "^0.6.0"
      }
    },
    "ts-node": {
      "version": "8.10.1",
      "resolved": "https://registry.npmjs.org/ts-node/-/ts-node-8.10.1.tgz",
      "integrity": "sha512-bdNz1L4ekHiJul6SHtZWs1ujEKERJnHs4HxN7rjTyyVOFf3HaJ6sLqe6aPG62XTzAB/63pKRh5jTSWL0D7bsvw==",
      "requires": {
        "arg": "^4.1.0",
        "diff": "^4.0.1",
        "make-error": "^1.1.1",
        "source-map-support": "^0.5.17",
        "yn": "3.1.1"
      }
    },
    "tslib": {
      "version": "1.11.1",
      "resolved": "https://registry.npmjs.org/tslib/-/tslib-1.11.1.tgz",
      "integrity": "sha512-aZW88SY8kQbU7gpV19lN24LtXh/yD4ZZg6qieAJDDg+YBsJcSmLGK9QpnUjAKVG/xefmvJGd1WUmfpT/g6AJGA=="
    },
    "typescript": {
      "version": "4.6.2",
      "resolved": "https://registry.npmjs.org/typescript/-/typescript-4.6.2.tgz",
      "integrity": "sha512-HM/hFigTBHZhLXshn9sN37H085+hQGeJHJ/X7LpBWLID/fbc2acUMfU+lGD98X81sKP+pFa9f0DZmCwB9GnbAg=="
    },
    "yn": {
      "version": "3.1.1",
      "resolved": "https://registry.npmjs.org/yn/-/yn-3.1.1.tgz",
      "integrity": "sha512-Ux4ygGWsu2c7isFWe8Yu1YluJmqVhxqK2cLXNQA5AcC3QfbGNpM7fu0Y8b/z16pXLnFxZYvWhd3fhBY9DLmC6Q=="
    }
  }
}
